// !$*UTF8*$!
{
	archiveVersion = 1;
	classes = {
	};
	objectVersion = 52;
	objects = {

/* Begin PBXBuildFile section */
		4397257AEE78DCA7F78AE9F8 /* Pods_flixTests.framework in Frameworks */ = {isa = PBXBuildFile; fileRef = 8CDAA571263909E5E17DA99A /* Pods_flixTests.framework */; };
		55BD9491840698542982416F /* Pods_flix.framework in Frameworks */ = {isa = PBXBuildFile; fileRef = D42931BB48ED64325483CF31 /* Pods_flix.framework */; };
		9C59492E26F534E5008A662E /* MovieDetailsViewController.swift in Sources */ = {isa = PBXBuildFile; fileRef = 9C59492D26F534E5008A662E /* MovieDetailsViewController.swift */; };
		9C59493026F56966008A662E /* MovieGridViewController.swift in Sources */ = {isa = PBXBuildFile; fileRef = 9C59492F26F56965008A662E /* MovieGridViewController.swift */; };
		9C59493226F5808E008A662E /* MovieGridCell.swift in Sources */ = {isa = PBXBuildFile; fileRef = 9C59493126F5808E008A662E /* MovieGridCell.swift */; };
		9C9F822F26EC1C9000FA254E /* AppDelegate.swift in Sources */ = {isa = PBXBuildFile; fileRef = 9C9F822E26EC1C9000FA254E /* AppDelegate.swift */; };
		9C9F823126EC1C9000FA254E /* SceneDelegate.swift in Sources */ = {isa = PBXBuildFile; fileRef = 9C9F823026EC1C9000FA254E /* SceneDelegate.swift */; };
		9C9F823626EC1C9000FA254E /* Main.storyboard in Resources */ = {isa = PBXBuildFile; fileRef = 9C9F823426EC1C9000FA254E /* Main.storyboard */; };
		9C9F823826EC1C9200FA254E /* Assets.xcassets in Resources */ = {isa = PBXBuildFile; fileRef = 9C9F823726EC1C9200FA254E /* Assets.xcassets */; };
		9C9F823B26EC1C9200FA254E /* LaunchScreen.storyboard in Resources */ = {isa = PBXBuildFile; fileRef = 9C9F823926EC1C9200FA254E /* LaunchScreen.storyboard */; };
		9C9F824626EC1C9200FA254E /* flixTests.swift in Sources */ = {isa = PBXBuildFile; fileRef = 9C9F824526EC1C9200FA254E /* flixTests.swift */; };
		9C9F825126EC1C9200FA254E /* flixUITests.swift in Sources */ = {isa = PBXBuildFile; fileRef = 9C9F825026EC1C9200FA254E /* flixUITests.swift */; };
		9C9F825F26EC219800FA254E /* MoviesViewController.swift in Sources */ = {isa = PBXBuildFile; fileRef = 9C9F825E26EC219800FA254E /* MoviesViewController.swift */; };
		9C9F826126EC3E8C00FA254E /* MovieCell.swift in Sources */ = {isa = PBXBuildFile; fileRef = 9C9F826026EC3E8B00FA254E /* MovieCell.swift */; };
		9C9F826426EC42BF00FA254E /* AlamofireImage in Frameworks */ = {isa = PBXBuildFile; productRef = 9C9F826326EC42BF00FA254E /* AlamofireImage */; };
		F289FD57808B411DE941421E /* Pods_flix_flixUITests.framework in Frameworks */ = {isa = PBXBuildFile; fileRef = ACB296E30E573B8A42256945 /* Pods_flix_flixUITests.framework */; };
/* End PBXBuildFile section */

/* Begin PBXContainerItemProxy section */
		9C9F824226EC1C9200FA254E /* PBXContainerItemProxy */ = {
			isa = PBXContainerItemProxy;
			containerPortal = 9C9F822326EC1C9000FA254E /* Project object */;
			proxyType = 1;
			remoteGlobalIDString = 9C9F822A26EC1C9000FA254E;
			remoteInfo = flix;
		};
		9C9F824D26EC1C9200FA254E /* PBXContainerItemProxy */ = {
			isa = PBXContainerItemProxy;
			containerPortal = 9C9F822326EC1C9000FA254E /* Project object */;
			proxyType = 1;
			remoteGlobalIDString = 9C9F822A26EC1C9000FA254E;
			remoteInfo = flix;
		};
/* End PBXContainerItemProxy section */

/* Begin PBXFileReference section */
		073A2E0504CFEE2A1ADA6CD7 /* Pods-flix-flixUITests.release.xcconfig */ = {isa = PBXFileReference; includeInIndex = 1; lastKnownFileType = text.xcconfig; name = "Pods-flix-flixUITests.release.xcconfig"; path = "Target Support Files/Pods-flix-flixUITests/Pods-flix-flixUITests.release.xcconfig"; sourceTree = "<group>"; };
		65E47967E26CCF5AD7B3604B /* Pods-flix-flixUITests.debug.xcconfig */ = {isa = PBXFileReference; includeInIndex = 1; lastKnownFileType = text.xcconfig; name = "Pods-flix-flixUITests.debug.xcconfig"; path = "Target Support Files/Pods-flix-flixUITests/Pods-flix-flixUITests.debug.xcconfig"; sourceTree = "<group>"; };
		7908B3043274D79BD36B777E /* Pods-flix.release.xcconfig */ = {isa = PBXFileReference; includeInIndex = 1; lastKnownFileType = text.xcconfig; name = "Pods-flix.release.xcconfig"; path = "Target Support Files/Pods-flix/Pods-flix.release.xcconfig"; sourceTree = "<group>"; };
		8CDAA571263909E5E17DA99A /* Pods_flixTests.framework */ = {isa = PBXFileReference; explicitFileType = wrapper.framework; includeInIndex = 0; path = Pods_flixTests.framework; sourceTree = BUILT_PRODUCTS_DIR; };
		9C59492D26F534E5008A662E /* MovieDetailsViewController.swift */ = {isa = PBXFileReference; lastKnownFileType = sourcecode.swift; path = MovieDetailsViewController.swift; sourceTree = "<group>"; };
		9C59492F26F56965008A662E /* MovieGridViewController.swift */ = {isa = PBXFileReference; lastKnownFileType = sourcecode.swift; path = MovieGridViewController.swift; sourceTree = "<group>"; };
		9C59493126F5808E008A662E /* MovieGridCell.swift */ = {isa = PBXFileReference; lastKnownFileType = sourcecode.swift; path = MovieGridCell.swift; sourceTree = "<group>"; };
		9C9F822B26EC1C9000FA254E /* flix.app */ = {isa = PBXFileReference; explicitFileType = wrapper.application; includeInIndex = 0; path = flix.app; sourceTree = BUILT_PRODUCTS_DIR; };
		9C9F822E26EC1C9000FA254E /* AppDelegate.swift */ = {isa = PBXFileReference; lastKnownFileType = sourcecode.swift; path = AppDelegate.swift; sourceTree = "<group>"; };
		9C9F823026EC1C9000FA254E /* SceneDelegate.swift */ = {isa = PBXFileReference; lastKnownFileType = sourcecode.swift; path = SceneDelegate.swift; sourceTree = "<group>"; };
		9C9F823526EC1C9000FA254E /* Base */ = {isa = PBXFileReference; lastKnownFileType = file.storyboard; name = Base; path = Base.lproj/Main.storyboard; sourceTree = "<group>"; };
		9C9F823726EC1C9200FA254E /* Assets.xcassets */ = {isa = PBXFileReference; lastKnownFileType = folder.assetcatalog; path = Assets.xcassets; sourceTree = "<group>"; };
		9C9F823A26EC1C9200FA254E /* Base */ = {isa = PBXFileReference; lastKnownFileType = file.storyboard; name = Base; path = Base.lproj/LaunchScreen.storyboard; sourceTree = "<group>"; };
		9C9F823C26EC1C9200FA254E /* Info.plist */ = {isa = PBXFileReference; lastKnownFileType = text.plist.xml; path = Info.plist; sourceTree = "<group>"; };
		9C9F824126EC1C9200FA254E /* flixTests.xctest */ = {isa = PBXFileReference; explicitFileType = wrapper.cfbundle; includeInIndex = 0; path = flixTests.xctest; sourceTree = BUILT_PRODUCTS_DIR; };
		9C9F824526EC1C9200FA254E /* flixTests.swift */ = {isa = PBXFileReference; lastKnownFileType = sourcecode.swift; path = flixTests.swift; sourceTree = "<group>"; };
		9C9F824726EC1C9200FA254E /* Info.plist */ = {isa = PBXFileReference; lastKnownFileType = text.plist.xml; path = Info.plist; sourceTree = "<group>"; };
		9C9F824C26EC1C9200FA254E /* flixUITests.xctest */ = {isa = PBXFileReference; explicitFileType = wrapper.cfbundle; includeInIndex = 0; path = flixUITests.xctest; sourceTree = BUILT_PRODUCTS_DIR; };
		9C9F825026EC1C9200FA254E /* flixUITests.swift */ = {isa = PBXFileReference; lastKnownFileType = sourcecode.swift; path = flixUITests.swift; sourceTree = "<group>"; };
		9C9F825226EC1C9200FA254E /* Info.plist */ = {isa = PBXFileReference; lastKnownFileType = text.plist.xml; path = Info.plist; sourceTree = "<group>"; };
		9C9F825E26EC219800FA254E /* MoviesViewController.swift */ = {isa = PBXFileReference; lastKnownFileType = sourcecode.swift; path = MoviesViewController.swift; sourceTree = "<group>"; };
		9C9F826026EC3E8B00FA254E /* MovieCell.swift */ = {isa = PBXFileReference; lastKnownFileType = sourcecode.swift; path = MovieCell.swift; sourceTree = "<group>"; };
		A239AADBD3A5438EEAECC0F8 /* Pods-flixTests.release.xcconfig */ = {isa = PBXFileReference; includeInIndex = 1; lastKnownFileType = text.xcconfig; name = "Pods-flixTests.release.xcconfig"; path = "Target Support Files/Pods-flixTests/Pods-flixTests.release.xcconfig"; sourceTree = "<group>"; };
		A3FBCA0808B8F7B8086C77E5 /* Pods-flixTests.debug.xcconfig */ = {isa = PBXFileReference; includeInIndex = 1; lastKnownFileType = text.xcconfig; name = "Pods-flixTests.debug.xcconfig"; path = "Target Support Files/Pods-flixTests/Pods-flixTests.debug.xcconfig"; sourceTree = "<group>"; };
		ACB296E30E573B8A42256945 /* Pods_flix_flixUITests.framework */ = {isa = PBXFileReference; explicitFileType = wrapper.framework; includeInIndex = 0; path = Pods_flix_flixUITests.framework; sourceTree = BUILT_PRODUCTS_DIR; };
		BA4F86D3D49731F1DA4ADDC9 /* Pods-flix.debug.xcconfig */ = {isa = PBXFileReference; includeInIndex = 1; lastKnownFileType = text.xcconfig; name = "Pods-flix.debug.xcconfig"; path = "Target Support Files/Pods-flix/Pods-flix.debug.xcconfig"; sourceTree = "<group>"; };
		D42931BB48ED64325483CF31 /* Pods_flix.framework */ = {isa = PBXFileReference; explicitFileType = wrapper.framework; includeInIndex = 0; path = Pods_flix.framework; sourceTree = BUILT_PRODUCTS_DIR; };
/* End PBXFileReference section */

/* Begin PBXFrameworksBuildPhase section */
		9C9F822826EC1C9000FA254E /* Frameworks */ = {
			isa = PBXFrameworksBuildPhase;
			buildActionMask = 2147483647;
			files = (
				9C9F826426EC42BF00FA254E /* AlamofireImage in Frameworks */,
				55BD9491840698542982416F /* Pods_flix.framework in Frameworks */,
			);
			runOnlyForDeploymentPostprocessing = 0;
		};
		9C9F823E26EC1C9200FA254E /* Frameworks */ = {
			isa = PBXFrameworksBuildPhase;
			buildActionMask = 2147483647;
			files = (
				4397257AEE78DCA7F78AE9F8 /* Pods_flixTests.framework in Frameworks */,
			);
			runOnlyForDeploymentPostprocessing = 0;
		};
		9C9F824926EC1C9200FA254E /* Frameworks */ = {
			isa = PBXFrameworksBuildPhase;
			buildActionMask = 2147483647;
			files = (
				F289FD57808B411DE941421E /* Pods_flix_flixUITests.framework in Frameworks */,
			);
			runOnlyForDeploymentPostprocessing = 0;
		};
/* End PBXFrameworksBuildPhase section */

/* Begin PBXGroup section */
		07ACBECADFF5150AE108535F /* Frameworks */ = {
			isa = PBXGroup;
			children = (
				D42931BB48ED64325483CF31 /* Pods_flix.framework */,
				ACB296E30E573B8A42256945 /* Pods_flix_flixUITests.framework */,
				8CDAA571263909E5E17DA99A /* Pods_flixTests.framework */,
			);
			name = Frameworks;
			sourceTree = "<group>";
		};
		0917D768B83C662938D48EA4 /* Pods */ = {
			isa = PBXGroup;
			children = (
				BA4F86D3D49731F1DA4ADDC9 /* Pods-flix.debug.xcconfig */,
				7908B3043274D79BD36B777E /* Pods-flix.release.xcconfig */,
				65E47967E26CCF5AD7B3604B /* Pods-flix-flixUITests.debug.xcconfig */,
				073A2E0504CFEE2A1ADA6CD7 /* Pods-flix-flixUITests.release.xcconfig */,
				A3FBCA0808B8F7B8086C77E5 /* Pods-flixTests.debug.xcconfig */,
				A239AADBD3A5438EEAECC0F8 /* Pods-flixTests.release.xcconfig */,
			);
			path = Pods;
			sourceTree = "<group>";
		};
		9C9F822226EC1C9000FA254E = {
			isa = PBXGroup;
			children = (
				9C9F822D26EC1C9000FA254E /* flix */,
				9C9F824426EC1C9200FA254E /* flixTests */,
				9C9F824F26EC1C9200FA254E /* flixUITests */,
				9C9F822C26EC1C9000FA254E /* Products */,
				0917D768B83C662938D48EA4 /* Pods */,
				07ACBECADFF5150AE108535F /* Frameworks */,
			);
			sourceTree = "<group>";
		};
		9C9F822C26EC1C9000FA254E /* Products */ = {
			isa = PBXGroup;
			children = (
				9C9F822B26EC1C9000FA254E /* flix.app */,
				9C9F824126EC1C9200FA254E /* flixTests.xctest */,
				9C9F824C26EC1C9200FA254E /* flixUITests.xctest */,
			);
			name = Products;
			sourceTree = "<group>";
		};
		9C9F822D26EC1C9000FA254E /* flix */ = {
			isa = PBXGroup;
			children = (
				9C9F822E26EC1C9000FA254E /* AppDelegate.swift */,
				9C59493126F5808E008A662E /* MovieGridCell.swift */,
				9C9F823026EC1C9000FA254E /* SceneDelegate.swift */,
				9C9F823426EC1C9000FA254E /* Main.storyboard */,
				9C59492F26F56965008A662E /* MovieGridViewController.swift */,
				9C59492D26F534E5008A662E /* MovieDetailsViewController.swift */,
				9C9F825E26EC219800FA254E /* MoviesViewController.swift */,
				9C9F823726EC1C9200FA254E /* Assets.xcassets */,
				9C9F823926EC1C9200FA254E /* LaunchScreen.storyboard */,
				9C9F823C26EC1C9200FA254E /* Info.plist */,
				9C9F826026EC3E8B00FA254E /* MovieCell.swift */,
			);
			path = flix;
			sourceTree = "<group>";
		};
		9C9F824426EC1C9200FA254E /* flixTests */ = {
			isa = PBXGroup;
			children = (
				9C9F824526EC1C9200FA254E /* flixTests.swift */,
				9C9F824726EC1C9200FA254E /* Info.plist */,
			);
			path = flixTests;
			sourceTree = "<group>";
		};
		9C9F824F26EC1C9200FA254E /* flixUITests */ = {
			isa = PBXGroup;
			children = (
				9C9F825026EC1C9200FA254E /* flixUITests.swift */,
				9C9F825226EC1C9200FA254E /* Info.plist */,
			);
			path = flixUITests;
			sourceTree = "<group>";
		};
/* End PBXGroup section */

/* Begin PBXNativeTarget section */
		9C9F822A26EC1C9000FA254E /* flix */ = {
			isa = PBXNativeTarget;
			buildConfigurationList = 9C9F825526EC1C9200FA254E /* Build configuration list for PBXNativeTarget "flix" */;
			buildPhases = (
				AFB892BDE4C19A74998068A2 /* [CP] Check Pods Manifest.lock */,
				9C9F822726EC1C9000FA254E /* Sources */,
				9C9F822826EC1C9000FA254E /* Frameworks */,
				9C9F822926EC1C9000FA254E /* Resources */,
				5404608A4A31CEECAF6DDFDC /* [CP] Embed Pods Frameworks */,
			);
			buildRules = (
			);
			dependencies = (
			);
			name = flix;
			packageProductDependencies = (
				9C9F826326EC42BF00FA254E /* AlamofireImage */,
			);
			productName = flix;
			productReference = 9C9F822B26EC1C9000FA254E /* flix.app */;
			productType = "com.apple.product-type.application";
		};
		9C9F824026EC1C9200FA254E /* flixTests */ = {
			isa = PBXNativeTarget;
			buildConfigurationList = 9C9F825826EC1C9200FA254E /* Build configuration list for PBXNativeTarget "flixTests" */;
			buildPhases = (
				09EB67F5CA69A223E0A192E5 /* [CP] Check Pods Manifest.lock */,
				9C9F823D26EC1C9200FA254E /* Sources */,
				9C9F823E26EC1C9200FA254E /* Frameworks */,
				9C9F823F26EC1C9200FA254E /* Resources */,
			);
			buildRules = (
			);
			dependencies = (
				9C9F824326EC1C9200FA254E /* PBXTargetDependency */,
			);
			name = flixTests;
			productName = flixTests;
			productReference = 9C9F824126EC1C9200FA254E /* flixTests.xctest */;
			productType = "com.apple.product-type.bundle.unit-test";
		};
		9C9F824B26EC1C9200FA254E /* flixUITests */ = {
			isa = PBXNativeTarget;
			buildConfigurationList = 9C9F825B26EC1C9200FA254E /* Build configuration list for PBXNativeTarget "flixUITests" */;
			buildPhases = (
				6E88F4ECA9E8E0869734E41A /* [CP] Check Pods Manifest.lock */,
				9C9F824826EC1C9200FA254E /* Sources */,
				9C9F824926EC1C9200FA254E /* Frameworks */,
				9C9F824A26EC1C9200FA254E /* Resources */,
				28B16A2212E6EB91CD20A3A5 /* [CP] Embed Pods Frameworks */,
			);
			buildRules = (
			);
			dependencies = (
				9C9F824E26EC1C9200FA254E /* PBXTargetDependency */,
			);
			name = flixUITests;
			productName = flixUITests;
			productReference = 9C9F824C26EC1C9200FA254E /* flixUITests.xctest */;
			productType = "com.apple.product-type.bundle.ui-testing";
		};
/* End PBXNativeTarget section */

/* Begin PBXProject section */
		9C9F822326EC1C9000FA254E /* Project object */ = {
			isa = PBXProject;
			attributes = {
				LastSwiftUpdateCheck = 1250;
				LastUpgradeCheck = 1250;
				TargetAttributes = {
					9C9F822A26EC1C9000FA254E = {
						CreatedOnToolsVersion = 12.5.1;
					};
					9C9F824026EC1C9200FA254E = {
						CreatedOnToolsVersion = 12.5.1;
						TestTargetID = 9C9F822A26EC1C9000FA254E;
					};
					9C9F824B26EC1C9200FA254E = {
						CreatedOnToolsVersion = 12.5.1;
						TestTargetID = 9C9F822A26EC1C9000FA254E;
					};
				};
			};
			buildConfigurationList = 9C9F822626EC1C9000FA254E /* Build configuration list for PBXProject "flix" */;
			compatibilityVersion = "Xcode 9.3";
			developmentRegion = en;
			hasScannedForEncodings = 0;
			knownRegions = (
				en,
				Base,
			);
			mainGroup = 9C9F822226EC1C9000FA254E;
			packageReferences = (
				9C9F826226EC42BF00FA254E /* XCRemoteSwiftPackageReference "AlamofireImage" */,
			);
			productRefGroup = 9C9F822C26EC1C9000FA254E /* Products */;
			projectDirPath = "";
			projectRoot = "";
			targets = (
				9C9F822A26EC1C9000FA254E /* flix */,
				9C9F824026EC1C9200FA254E /* flixTests */,
				9C9F824B26EC1C9200FA254E /* flixUITests */,
			);
		};
/* End PBXProject section */

/* Begin PBXResourcesBuildPhase section */
		9C9F822926EC1C9000FA254E /* Resources */ = {
			isa = PBXResourcesBuildPhase;
			buildActionMask = 2147483647;
			files = (
				9C9F823B26EC1C9200FA254E /* LaunchScreen.storyboard in Resources */,
				9C9F823826EC1C9200FA254E /* Assets.xcassets in Resources */,
				9C9F823626EC1C9000FA254E /* Main.storyboard in Resources */,
			);
			runOnlyForDeploymentPostprocessing = 0;
		};
		9C9F823F26EC1C9200FA254E /* Resources */ = {
			isa = PBXResourcesBuildPhase;
			buildActionMask = 2147483647;
			files = (
			);
			runOnlyForDeploymentPostprocessing = 0;
		};
		9C9F824A26EC1C9200FA254E /* Resources */ = {
			isa = PBXResourcesBuildPhase;
			buildActionMask = 2147483647;
			files = (
			);
			runOnlyForDeploymentPostprocessing = 0;
		};
/* End PBXResourcesBuildPhase section */

/* Begin PBXShellScriptBuildPhase section */
		09EB67F5CA69A223E0A192E5 /* [CP] Check Pods Manifest.lock */ = {
			isa = PBXShellScriptBuildPhase;
			buildActionMask = 2147483647;
			files = (
			);
			inputFileListPaths = (
			);
			inputPaths = (
				"${PODS_PODFILE_DIR_PATH}/Podfile.lock",
				"${PODS_ROOT}/Manifest.lock",
			);
			name = "[CP] Check Pods Manifest.lock";
			outputFileListPaths = (
			);
			outputPaths = (
				"$(DERIVED_FILE_DIR)/Pods-flixTests-checkManifestLockResult.txt",
			);
			runOnlyForDeploymentPostprocessing = 0;
			shellPath = /bin/sh;
			shellScript = "diff \"${PODS_PODFILE_DIR_PATH}/Podfile.lock\" \"${PODS_ROOT}/Manifest.lock\" > /dev/null\nif [ $? != 0 ] ; then\n    # print error to STDERR\n    echo \"error: The sandbox is not in sync with the Podfile.lock. Run 'pod install' or update your CocoaPods installation.\" >&2\n    exit 1\nfi\n# This output is used by Xcode 'outputs' to avoid re-running this script phase.\necho \"SUCCESS\" > \"${SCRIPT_OUTPUT_FILE_0}\"\n";
			showEnvVarsInLog = 0;
		};
		28B16A2212E6EB91CD20A3A5 /* [CP] Embed Pods Frameworks */ = {
			isa = PBXShellScriptBuildPhase;
			buildActionMask = 2147483647;
			files = (
			);
			inputFileListPaths = (
				"${PODS_ROOT}/Target Support Files/Pods-flix-flixUITests/Pods-flix-flixUITests-frameworks-${CONFIGURATION}-input-files.xcfilelist",
			);
			name = "[CP] Embed Pods Frameworks";
			outputFileListPaths = (
				"${PODS_ROOT}/Target Support Files/Pods-flix-flixUITests/Pods-flix-flixUITests-frameworks-${CONFIGURATION}-output-files.xcfilelist",
			);
			runOnlyForDeploymentPostprocessing = 0;
			shellPath = /bin/sh;
			shellScript = "\"${PODS_ROOT}/Target Support Files/Pods-flix-flixUITests/Pods-flix-flixUITests-frameworks.sh\"\n";
			showEnvVarsInLog = 0;
		};
		5404608A4A31CEECAF6DDFDC /* [CP] Embed Pods Frameworks */ = {
			isa = PBXShellScriptBuildPhase;
			buildActionMask = 2147483647;
			files = (
			);
			inputFileListPaths = (
				"${PODS_ROOT}/Target Support Files/Pods-flix/Pods-flix-frameworks-${CONFIGURATION}-input-files.xcfilelist",
			);
			name = "[CP] Embed Pods Frameworks";
			outputFileListPaths = (
				"${PODS_ROOT}/Target Support Files/Pods-flix/Pods-flix-frameworks-${CONFIGURATION}-output-files.xcfilelist",
			);
			runOnlyForDeploymentPostprocessing = 0;
			shellPath = /bin/sh;
			shellScript = "\"${PODS_ROOT}/Target Support Files/Pods-flix/Pods-flix-frameworks.sh\"\n";
			showEnvVarsInLog = 0;
		};
		6E88F4ECA9E8E0869734E41A /* [CP] Check Pods Manifest.lock */ = {
			isa = PBXShellScriptBuildPhase;
			buildActionMask = 2147483647;
			files = (
			);
			inputFileListPaths = (
			);
			inputPaths = (
				"${PODS_PODFILE_DIR_PATH}/Podfile.lock",
				"${PODS_ROOT}/Manifest.lock",
			);
			name = "[CP] Check Pods Manifest.lock";
			outputFileListPaths = (
			);
			outputPaths = (
				"$(DERIVED_FILE_DIR)/Pods-flix-flixUITests-checkManifestLockResult.txt",
			);
			runOnlyForDeploymentPostprocessing = 0;
			shellPath = /bin/sh;
			shellScript = "diff \"${PODS_PODFILE_DIR_PATH}/Podfile.lock\" \"${PODS_ROOT}/Manifest.lock\" > /dev/null\nif [ $? != 0 ] ; then\n    # print error to STDERR\n    echo \"error: The sandbox is not in sync with the Podfile.lock. Run 'pod install' or update your CocoaPods installation.\" >&2\n    exit 1\nfi\n# This output is used by Xcode 'outputs' to avoid re-running this script phase.\necho \"SUCCESS\" > \"${SCRIPT_OUTPUT_FILE_0}\"\n";
			showEnvVarsInLog = 0;
		};
		AFB892BDE4C19A74998068A2 /* [CP] Check Pods Manifest.lock */ = {
			isa = PBXShellScriptBuildPhase;
			buildActionMask = 2147483647;
			files = (
			);
			inputFileListPaths = (
			);
			inputPaths = (
				"${PODS_PODFILE_DIR_PATH}/Podfile.lock",
				"${PODS_ROOT}/Manifest.lock",
			);
			name = "[CP] Check Pods Manifest.lock";
			outputFileListPaths = (
			);
			outputPaths = (
				"$(DERIVED_FILE_DIR)/Pods-flix-checkManifestLockResult.txt",
			);
			runOnlyForDeploymentPostprocessing = 0;
			shellPath = /bin/sh;
			shellScript = "diff \"${PODS_PODFILE_DIR_PATH}/Podfile.lock\" \"${PODS_ROOT}/Manifest.lock\" > /dev/null\nif [ $? != 0 ] ; then\n    # print error to STDERR\n    echo \"error: The sandbox is not in sync with the Podfile.lock. Run 'pod install' or update your CocoaPods installation.\" >&2\n    exit 1\nfi\n# This output is used by Xcode 'outputs' to avoid re-running this script phase.\necho \"SUCCESS\" > \"${SCRIPT_OUTPUT_FILE_0}\"\n";
			showEnvVarsInLog = 0;
		};
/* End PBXShellScriptBuildPhase section */

/* Begin PBXSourcesBuildPhase section */
		9C9F822726EC1C9000FA254E /* Sources */ = {
			isa = PBXSourcesBuildPhase;
			buildActionMask = 2147483647;
			files = (
				9C59492E26F534E5008A662E /* MovieDetailsViewController.swift in Sources */,
				9C9F822F26EC1C9000FA254E /* AppDelegate.swift in Sources */,
				9C9F823126EC1C9000FA254E /* SceneDelegate.swift in Sources */,
				9C9F826126EC3E8C00FA254E /* MovieCell.swift in Sources */,
				9C9F825F26EC219800FA254E /* MoviesViewController.swift in Sources */,
				9C59493026F56966008A662E /* MovieGridViewController.swift in Sources */,
				9C59493226F5808E008A662E /* MovieGridCell.swift in Sources */,
			);
			runOnlyForDeploymentPostprocessing = 0;
		};
		9C9F823D26EC1C9200FA254E /* Sources */ = {
			isa = PBXSourcesBuildPhase;
			buildActionMask = 2147483647;
			files = (
				9C9F824626EC1C9200FA254E /* flixTests.swift in Sources */,
			);
			runOnlyForDeploymentPostprocessing = 0;
		};
		9C9F824826EC1C9200FA254E /* Sources */ = {
			isa = PBXSourcesBuildPhase;
			buildActionMask = 2147483647;
			files = (
				9C9F825126EC1C9200FA254E /* flixUITests.swift in Sources */,
			);
			runOnlyForDeploymentPostprocessing = 0;
		};
/* End PBXSourcesBuildPhase section */

/* Begin PBXTargetDependency section */
		9C9F824326EC1C9200FA254E /* PBXTargetDependency */ = {
			isa = PBXTargetDependency;
			target = 9C9F822A26EC1C9000FA254E /* flix */;
			targetProxy = 9C9F824226EC1C9200FA254E /* PBXContainerItemProxy */;
		};
		9C9F824E26EC1C9200FA254E /* PBXTargetDependency */ = {
			isa = PBXTargetDependency;
			target = 9C9F822A26EC1C9000FA254E /* flix */;
			targetProxy = 9C9F824D26EC1C9200FA254E /* PBXContainerItemProxy */;
		};
/* End PBXTargetDependency section */

/* Begin PBXVariantGroup section */
		9C9F823426EC1C9000FA254E /* Main.storyboard */ = {
			isa = PBXVariantGroup;
			children = (
				9C9F823526EC1C9000FA254E /* Base */,
			);
			name = Main.storyboard;
			sourceTree = "<group>";
		};
		9C9F823926EC1C9200FA254E /* LaunchScreen.storyboard */ = {
			isa = PBXVariantGroup;
			children = (
				9C9F823A26EC1C9200FA254E /* Base */,
			);
			name = LaunchScreen.storyboard;
			sourceTree = "<group>";
		};
/* End PBXVariantGroup section */

/* Begin XCBuildConfiguration section */
		9C9F825326EC1C9200FA254E /* Debug */ = {
			isa = XCBuildConfiguration;
			buildSettings = {
				ALWAYS_SEARCH_USER_PATHS = NO;
				CLANG_ANALYZER_NONNULL = YES;
				CLANG_ANALYZER_NUMBER_OBJECT_CONVERSION = YES_AGGRESSIVE;
				CLANG_CXX_LANGUAGE_STANDARD = "gnu++14";
				CLANG_CXX_LIBRARY = "libc++";
				CLANG_ENABLE_MODULES = YES;
				CLANG_ENABLE_OBJC_ARC = YES;
				CLANG_ENABLE_OBJC_WEAK = YES;
				CLANG_WARN_BLOCK_CAPTURE_AUTORELEASING = YES;
				CLANG_WARN_BOOL_CONVERSION = YES;
				CLANG_WARN_COMMA = YES;
				CLANG_WARN_CONSTANT_CONVERSION = YES;
				CLANG_WARN_DEPRECATED_OBJC_IMPLEMENTATIONS = YES;
				CLANG_WARN_DIRECT_OBJC_ISA_USAGE = YES_ERROR;
				CLANG_WARN_DOCUMENTATION_COMMENTS = YES;
				CLANG_WARN_EMPTY_BODY = YES;
				CLANG_WARN_ENUM_CONVERSION = YES;
				CLANG_WARN_INFINITE_RECURSION = YES;
				CLANG_WARN_INT_CONVERSION = YES;
				CLANG_WARN_NON_LITERAL_NULL_CONVERSION = YES;
				CLANG_WARN_OBJC_IMPLICIT_RETAIN_SELF = YES;
				CLANG_WARN_OBJC_LITERAL_CONVERSION = YES;
				CLANG_WARN_OBJC_ROOT_CLASS = YES_ERROR;
				CLANG_WARN_QUOTED_INCLUDE_IN_FRAMEWORK_HEADER = YES;
				CLANG_WARN_RANGE_LOOP_ANALYSIS = YES;
				CLANG_WARN_STRICT_PROTOTYPES = YES;
				CLANG_WARN_SUSPICIOUS_MOVE = YES;
				CLANG_WARN_UNGUARDED_AVAILABILITY = YES_AGGRESSIVE;
				CLANG_WARN_UNREACHABLE_CODE = YES;
				CLANG_WARN__DUPLICATE_METHOD_MATCH = YES;
				COPY_PHASE_STRIP = NO;
				DEBUG_INFORMATION_FORMAT = dwarf;
				ENABLE_STRICT_OBJC_MSGSEND = YES;
				ENABLE_TESTABILITY = YES;
				GCC_C_LANGUAGE_STANDARD = gnu11;
				GCC_DYNAMIC_NO_PIC = NO;
				GCC_NO_COMMON_BLOCKS = YES;
				GCC_OPTIMIZATION_LEVEL = 0;
				GCC_PREPROCESSOR_DEFINITIONS = (
					"DEBUG=1",
					"$(inherited)",
				);
				GCC_WARN_64_TO_32_BIT_CONVERSION = YES;
				GCC_WARN_ABOUT_RETURN_TYPE = YES_ERROR;
				GCC_WARN_UNDECLARED_SELECTOR = YES;
				GCC_WARN_UNINITIALIZED_AUTOS = YES_AGGRESSIVE;
				GCC_WARN_UNUSED_FUNCTION = YES;
				GCC_WARN_UNUSED_VARIABLE = YES;
				IPHONEOS_DEPLOYMENT_TARGET = 14.5;
				MTL_ENABLE_DEBUG_INFO = INCLUDE_SOURCE;
				MTL_FAST_MATH = YES;
				ONLY_ACTIVE_ARCH = YES;
				SDKROOT = iphoneos;
				SWIFT_ACTIVE_COMPILATION_CONDITIONS = DEBUG;
				SWIFT_OPTIMIZATION_LEVEL = "-Onone";
			};
			name = Debug;
		};
		9C9F825426EC1C9200FA254E /* Release */ = {
			isa = XCBuildConfiguration;
			buildSettings = {
				ALWAYS_SEARCH_USER_PATHS = NO;
				CLANG_ANALYZER_NONNULL = YES;
				CLANG_ANALYZER_NUMBER_OBJECT_CONVERSION = YES_AGGRESSIVE;
				CLANG_CXX_LANGUAGE_STANDARD = "gnu++14";
				CLANG_CXX_LIBRARY = "libc++";
				CLANG_ENABLE_MODULES = YES;
				CLANG_ENABLE_OBJC_ARC = YES;
				CLANG_ENABLE_OBJC_WEAK = YES;
				CLANG_WARN_BLOCK_CAPTURE_AUTORELEASING = YES;
				CLANG_WARN_BOOL_CONVERSION = YES;
				CLANG_WARN_COMMA = YES;
				CLANG_WARN_CONSTANT_CONVERSION = YES;
				CLANG_WARN_DEPRECATED_OBJC_IMPLEMENTATIONS = YES;
				CLANG_WARN_DIRECT_OBJC_ISA_USAGE = YES_ERROR;
				CLANG_WARN_DOCUMENTATION_COMMENTS = YES;
				CLANG_WARN_EMPTY_BODY = YES;
				CLANG_WARN_ENUM_CONVERSION = YES;
				CLANG_WARN_INFINITE_RECURSION = YES;
				CLANG_WARN_INT_CONVERSION = YES;
				CLANG_WARN_NON_LITERAL_NULL_CONVERSION = YES;
				CLANG_WARN_OBJC_IMPLICIT_RETAIN_SELF = YES;
				CLANG_WARN_OBJC_LITERAL_CONVERSION = YES;
				CLANG_WARN_OBJC_ROOT_CLASS = YES_ERROR;
				CLANG_WARN_QUOTED_INCLUDE_IN_FRAMEWORK_HEADER = YES;
				CLANG_WARN_RANGE_LOOP_ANALYSIS = YES;
				CLANG_WARN_STRICT_PROTOTYPES = YES;
				CLANG_WARN_SUSPICIOUS_MOVE = YES;
				CLANG_WARN_UNGUARDED_AVAILABILITY = YES_AGGRESSIVE;
				CLANG_WARN_UNREACHABLE_CODE = YES;
				CLANG_WARN__DUPLICATE_METHOD_MATCH = YES;
				COPY_PHASE_STRIP = NO;
				DEBUG_INFORMATION_FORMAT = "dwarf-with-dsym";
				ENABLE_NS_ASSERTIONS = NO;
				ENABLE_STRICT_OBJC_MSGSEND = YES;
				GCC_C_LANGUAGE_STANDARD = gnu11;
				GCC_NO_COMMON_BLOCKS = YES;
				GCC_WARN_64_TO_32_BIT_CONVERSION = YES;
				GCC_WARN_ABOUT_RETURN_TYPE = YES_ERROR;
				GCC_WARN_UNDECLARED_SELECTOR = YES;
				GCC_WARN_UNINITIALIZED_AUTOS = YES_AGGRESSIVE;
				GCC_WARN_UNUSED_FUNCTION = YES;
				GCC_WARN_UNUSED_VARIABLE = YES;
				IPHONEOS_DEPLOYMENT_TARGET = 14.5;
				MTL_ENABLE_DEBUG_INFO = NO;
				MTL_FAST_MATH = YES;
				SDKROOT = iphoneos;
				SWIFT_COMPILATION_MODE = wholemodule;
				SWIFT_OPTIMIZATION_LEVEL = "-O";
				VALIDATE_PRODUCT = YES;
			};
			name = Release;
		};
		9C9F825626EC1C9200FA254E /* Debug */ = {
			isa = XCBuildConfiguration;
			baseConfigurationReference = BA4F86D3D49731F1DA4ADDC9 /* Pods-flix.debug.xcconfig */;
			buildSettings = {
				ASSETCATALOG_COMPILER_APPICON_NAME = AppIcon;
				ASSETCATALOG_COMPILER_GLOBAL_ACCENT_COLOR_NAME = AccentColor;
				CODE_SIGN_STYLE = Automatic;
				INFOPLIST_FILE = flix/Info.plist;
				LD_RUNPATH_SEARCH_PATHS = (
					"$(inherited)",
					"@executable_path/Frameworks",
				);
				PRODUCT_BUNDLE_IDENTIFIER = memo.com.flix;
				PRODUCT_NAME = "$(TARGET_NAME)";
				SWIFT_VERSION = 5.0;
				TARGETED_DEVICE_FAMILY = "1,2";
			};
			name = Debug;
		};
		9C9F825726EC1C9200FA254E /* Release */ = {
			isa = XCBuildConfiguration;
			baseConfigurationReference = 7908B3043274D79BD36B777E /* Pods-flix.release.xcconfig */;
			buildSettings = {
				ASSETCATALOG_COMPILER_APPICON_NAME = AppIcon;
				ASSETCATALOG_COMPILER_GLOBAL_ACCENT_COLOR_NAME = AccentColor;
				CODE_SIGN_STYLE = Automatic;
				INFOPLIST_FILE = flix/Info.plist;
				LD_RUNPATH_SEARCH_PATHS = (
					"$(inherited)",
					"@executable_path/Frameworks",
				);
				PRODUCT_BUNDLE_IDENTIFIER = memo.com.flix;
				PRODUCT_NAME = "$(TARGET_NAME)";
				SWIFT_VERSION = 5.0;
				TARGETED_DEVICE_FAMILY = "1,2";
			};
			name = Release;
		};
		9C9F825926EC1C9200FA254E /* Debug */ = {
			isa = XCBuildConfiguration;
			baseConfigurationReference = A3FBCA0808B8F7B8086C77E5 /* Pods-flixTests.debug.xcconfig */;
			buildSettings = {
				ALWAYS_EMBED_SWIFT_STANDARD_LIBRARIES = YES;
				BUNDLE_LOADER = "$(TEST_HOST)";
				CODE_SIGN_STYLE = Automatic;
				INFOPLIST_FILE = flixTests/Info.plist;
				IPHONEOS_DEPLOYMENT_TARGET = 14.5;
				LD_RUNPATH_SEARCH_PATHS = (
					"$(inherited)",
					"@executable_path/Frameworks",
					"@loader_path/Frameworks",
				);
				PRODUCT_BUNDLE_IDENTIFIER = memo.com.flixTests;
				PRODUCT_NAME = "$(TARGET_NAME)";
				SWIFT_VERSION = 5.0;
				TARGETED_DEVICE_FAMILY = "1,2";
				TEST_HOST = "$(BUILT_PRODUCTS_DIR)/flix.app/flix";
			};
			name = Debug;
		};
		9C9F825A26EC1C9200FA254E /* Release */ = {
			isa = XCBuildConfiguration;
			baseConfigurationReference = A239AADBD3A5438EEAECC0F8 /* Pods-flixTests.release.xcconfig */;
			buildSettings = {
				ALWAYS_EMBED_SWIFT_STANDARD_LIBRARIES = YES;
				BUNDLE_LOADER = "$(TEST_HOST)";
				CODE_SIGN_STYLE = Automatic;
				INFOPLIST_FILE = flixTests/Info.plist;
				IPHONEOS_DEPLOYMENT_TARGET = 14.5;
				LD_RUNPATH_SEARCH_PATHS = (
					"$(inherited)",
					"@executable_path/Frameworks",
					"@loader_path/Frameworks",
				);
				PRODUCT_BUNDLE_IDENTIFIER = memo.com.flixTests;
				PRODUCT_NAME = "$(TARGET_NAME)";
				SWIFT_VERSION = 5.0;
				TARGETED_DEVICE_FAMILY = "1,2";
				TEST_HOST = "$(BUILT_PRODUCTS_DIR)/flix.app/flix";
			};
			name = Release;
		};
		9C9F825C26EC1C9200FA254E /* Debug */ = {
			isa = XCBuildConfiguration;
			baseConfigurationReference = 65E47967E26CCF5AD7B3604B /* Pods-flix-flixUITests.debug.xcconfig */;
			buildSettings = {
				ALWAYS_EMBED_SWIFT_STANDARD_LIBRARIES = YES;
				CODE_SIGN_STYLE = Automatic;
				INFOPLIST_FILE = flixUITests/Info.plist;
				LD_RUNPATH_SEARCH_PATHS = (
					"$(inherited)",
					"@executable_path/Frameworks",
					"@loader_path/Frameworks",
				);
				PRODUCT_BUNDLE_IDENTIFIER = memo.com.flixUITests;
				PRODUCT_NAME = "$(TARGET_NAME)";
				SWIFT_VERSION = 5.0;
				TARGETED_DEVICE_FAMILY = "1,2";
				TEST_TARGET_NAME = flix;
			};
			name = Debug;
		};
		9C9F825D26EC1C9200FA254E /* Release */ = {
			isa = XCBuildConfiguration;
			baseConfigurationReference = 073A2E0504CFEE2A1ADA6CD7 /* Pods-flix-flixUITests.release.xcconfig */;
			buildSettings = {
				ALWAYS_EMBED_SWIFT_STANDARD_LIBRARIES = YES;
				CODE_SIGN_STYLE = Automatic;
				INFOPLIST_FILE = flixUITests/Info.plist;
				LD_RUNPATH_SEARCH_PATHS = (
					"$(inherited)",
					"@executable_path/Frameworks",
					"@loader_path/Frameworks",
				);
				PRODUCT_BUNDLE_IDENTIFIER = memo.com.flixUITests;
				PRODUCT_NAME = "$(TARGET_NAME)";
				SWIFT_VERSION = 5.0;
				TARGETED_DEVICE_FAMILY = "1,2";
				TEST_TARGET_NAME = flix;
			};
			name = Release;
		};
/* End XCBuildConfiguration section */

/* Begin XCConfigurationList section */
		9C9F822626EC1C9000FA254E /* Build configuration list for PBXProject "flix" */ = {
			isa = XCConfigurationList;
			buildConfigurations = (
				9C9F825326EC1C9200FA254E /* Debug */,
				9C9F825426EC1C9200FA254E /* Release */,
			);
			defaultConfigurationIsVisible = 0;
			defaultConfigurationName = Release;
		};
		9C9F825526EC1C9200FA254E /* Build configuration list for PBXNativeTarget "flix" */ = {
			isa = XCConfigurationList;
			buildConfigurations = (
				9C9F825626EC1C9200FA254E /* Debug */,
				9C9F825726EC1C9200FA254E /* Release */,
			);
			defaultConfigurationIsVisible = 0;
			defaultConfigurationName = Release;
		};
		9C9F825826EC1C9200FA254E /* Build configuration list for PBXNativeTarget "flixTests" */ = {
			isa = XCConfigurationList;
			buildConfigurations = (
				9C9F825926EC1C9200FA254E /* Debug */,
				9C9F825A26EC1C9200FA254E /* Release */,
			);
			defaultConfigurationIsVisible = 0;
			defaultConfigurationName = Release;
		};
		9C9F825B26EC1C9200FA254E /* Build configuration list for PBXNativeTarget "flixUITests" */ = {
			isa = XCConfigurationList;
			buildConfigurations = (
				9C9F825C26EC1C9200FA254E /* Debug */,
				9C9F825D26EC1C9200FA254E /* Release */,
			);
			defaultConfigurationIsVisible = 0;
			defaultConfigurationName = Release;
		};
/* End XCConfigurationList section */

/* Begin XCRemoteSwiftPackageReference section */
		9C9F826226EC42BF00FA254E /* XCRemoteSwiftPackageReference "AlamofireImage" */ = {
			isa = XCRemoteSwiftPackageReference;
			repositoryURL = "https://github.com/Alamofire/AlamofireImage";
			requirement = {
				kind = upToNextMajorVersion;
				minimumVersion = 4.2.0;
			};
		};
/* End XCRemoteSwiftPackageReference section */

/* Begin XCSwiftPackageProductDependency section */
		9C9F826326EC42BF00FA254E /* AlamofireImage */ = {
			isa = XCSwiftPackageProductDependency;
			package = 9C9F826226EC42BF00FA254E /* XCRemoteSwiftPackageReference "AlamofireImage" */;
			productName = AlamofireImage;
		};
/* End XCSwiftPackageProductDependency section */
	};
	rootObject = 9C9F822326EC1C9000FA254E /* Project object */;
}
